name: Grimlock
size: Medium humanoid (grimlock)
type: neutral evil
alignment: ""
armor_class: "11"
hit_points: 11 (2d8+2)
speed: 30 ft.
abilities:
  strength: 16
  dexterity: 12
  constitution: 12
  intelligence: 9
  wisdom: 8
  charisma: 6
saving_throws: []
skills:
  - Athletics +5
  - Perception +3
  - Stealth +3
damage_immunities: []
damage_resistances: []
damage_vulnerabilities: []
condition_immunities:
  - blinded
senses: blindsight 30 ft. or 10 ft. while deafened (blind beyond this radius), passive Perception 13
languages: Undercommon
challenge_rating: 1/4
xp: 0
traits: []
actions:
  - name: Spiked Bone Club***. *Melee Weapon Attack:* +5 to hit, reach 5 ft., one target. *Hit:* 5 (1d4+3) bludgeoning damage plus 2 (1d4) piercing dama
    description: ""
legendary_actions: []
reactions: []
spellcasting: {}
description: ""
category: monster
